
Microsoft Visual Studio Solution File, Format Version 12.00
# Visual Studio Version 17
VisualStudioVersion = 17.0.32014.148
MinimumVisualStudioVersion = 10.0.40219.1
Project("{FAE04EC0-301F-11D3-BF4B-00C04F79EFBC}") = "Test P", "Test P\Test P.csproj", "{5D87402A-AF3B-47C1-BE6F-CCD9B5060A84}"
EndProject
Global
	GlobalSection(SolutionConfigurationPlatforms) = preSolution
		Debug|Any CPU = Debug|Any CPU
		Release|Any CPU = Release|Any CPU
	EndGlobalSection
	GlobalSection(ProjectConfigurationPlatforms) = postSolution
		{5D87402A-AF3B-47C1-BE6F-CCD9B5060A84}.Debug|Any CPU.ActiveCfg = Debug|Any CPU
		{5D87402A-AF3B-47C1-BE6F-CCD9B5060A84}.Debug|Any CPU.Build.0 = Debug|Any CPU
		{5D87402A-AF3B-47C1-BE6F-CCD9B5060A84}.Release|Any CPU.ActiveCfg = Release|Any CPU
		{5D87402A-AF3B-47C1-BE6F-CCD9B5060A84}.Release|Any CPU.Build.0 = Release|Any CPU
	EndGlobalSection
	GlobalSection(SolutionProperties) = preSolution
		HideSolutionNode = FALSE
	EndGlobalSection
	GlobalSection(ExtensibilityGlobals) = postSolution
		SolutionGuid = {F55EC8AD-11A2-4FD8-A019-35B7688D9781}
	EndGlobalSection
EndGlobal
